// !$*UTF8*$!
{
	archiveVersion = 1;
	classes = {
	};
	objectVersion = 56;
	objects = {

/* Begin PBXBuildFile section */
		0A0B3A862C6DE0C3005FC2DD /* ProfileView.swift in Sources */ = {isa = PBXBuildFile; fileRef = 0A0B3A852C6DE0C3005FC2DD /* ProfileView.swift */; };
		0A0B3A882C6DE900005FC2DD /* SettingsOptionsViewModel.swift in Sources */ = {isa = PBXBuildFile; fileRef = 0A0B3A872C6DE900005FC2DD /* SettingsOptionsViewModel.swift */; };
		0A3D5E7D2C7E2142008DA3B9 /* NewMessageViewModel.swift in Sources */ = {isa = PBXBuildFile; fileRef = 0A3D5E7C2C7E2142008DA3B9 /* NewMessageViewModel.swift */; };
		0A3D5E7F2C7F8A35008DA3B9 /* Message.swift in Sources */ = {isa = PBXBuildFile; fileRef = 0A3D5E7E2C7F8A35008DA3B9 /* Message.swift */; };
		0A3D5E812C7F8CA7008DA3B9 /* MessageService.swift in Sources */ = {isa = PBXBuildFile; fileRef = 0A3D5E802C7F8CA7008DA3B9 /* MessageService.swift */; };
		0A3D5E852C803B5F008DA3B9 /* ChatViewModel.swift in Sources */ = {isa = PBXBuildFile; fileRef = 0A3D5E842C803B5F008DA3B9 /* ChatViewModel.swift */; };
		0A3D5E882C807985008DA3B9 /* ChatService.swift in Sources */ = {isa = PBXBuildFile; fileRef = 0A3D5E872C807985008DA3B9 /* ChatService.swift */; };
		0A3D5E8B2C807B15008DA3B9 /* Constants.swift in Sources */ = {isa = PBXBuildFile; fileRef = 0A3D5E8A2C807B15008DA3B9 /* Constants.swift */; };
		0A3D5E8E2C80E832008DA3B9 /* InboxService.swift in Sources */ = {isa = PBXBuildFile; fileRef = 0A3D5E8D2C80E832008DA3B9 /* InboxService.swift */; };
		0A3D5E902C8220CE008DA3B9 /* Date.swift in Sources */ = {isa = PBXBuildFile; fileRef = 0A3D5E8F2C8220CE008DA3B9 /* Date.swift */; };
		0A3D5E942C822797008DA3B9 /* ActiveNowViewModel.swift in Sources */ = {isa = PBXBuildFile; fileRef = 0A3D5E932C822797008DA3B9 /* ActiveNowViewModel.swift */; };
		0A3D5E972C822E11008DA3B9 /* Route.swift in Sources */ = {isa = PBXBuildFile; fileRef = 0A3D5E962C822E11008DA3B9 /* Route.swift */; };
		0A6E96012C71BA2F00F203D1 /* ProfileViewModel.swift in Sources */ = {isa = PBXBuildFile; fileRef = 0A6E96002C71BA2F00F203D1 /* ProfileViewModel.swift */; };
		0A6E96032C724E6400F203D1 /* User.swift in Sources */ = {isa = PBXBuildFile; fileRef = 0A6E96022C724E6400F203D1 /* User.swift */; };
		0A6E96062C77255A00F203D1 /* CircularProfileImageView.swift in Sources */ = {isa = PBXBuildFile; fileRef = 0A6E96052C77255A00F203D1 /* CircularProfileImageView.swift */; };
		0A6E96112C79A59300F203D1 /* ChatView.swift in Sources */ = {isa = PBXBuildFile; fileRef = 0A6E96102C79A59300F203D1 /* ChatView.swift */; };
		0A6E96132C79B35F00F203D1 /* ChatViewCell.swift in Sources */ = {isa = PBXBuildFile; fileRef = 0A6E96122C79B35F00F203D1 /* ChatViewCell.swift */; };
		0A6E96152C79F9BE00F203D1 /* ChatBubble.swift in Sources */ = {isa = PBXBuildFile; fileRef = 0A6E96142C79F9BE00F203D1 /* ChatBubble.swift */; };
		0A6E962B2C7A07EC00F203D1 /* LoginViewModel.swift in Sources */ = {isa = PBXBuildFile; fileRef = 0A6E962A2C7A07EC00F203D1 /* LoginViewModel.swift */; };
		0A6E962D2C7A084400F203D1 /* RegistrationViewModel.swift in Sources */ = {isa = PBXBuildFile; fileRef = 0A6E962C2C7A084400F203D1 /* RegistrationViewModel.swift */; };
		0A6E962F2C7A087800F203D1 /* AuthService.swift in Sources */ = {isa = PBXBuildFile; fileRef = 0A6E962E2C7A087800F203D1 /* AuthService.swift */; };
		0AC1DAE52BF330A400EADEBD /* MessagesCloneApp.swift in Sources */ = {isa = PBXBuildFile; fileRef = 0AC1DAE42BF330A400EADEBD /* MessagesCloneApp.swift */; };
		0AC1DAE72BF330A400EADEBD /* ContentView.swift in Sources */ = {isa = PBXBuildFile; fileRef = 0AC1DAE62BF330A400EADEBD /* ContentView.swift */; };
		0AC1DAE92BF330A600EADEBD /* Assets.xcassets in Resources */ = {isa = PBXBuildFile; fileRef = 0AC1DAE82BF330A600EADEBD /* Assets.xcassets */; };
		0AC1DAEC2BF330A600EADEBD /* Preview Assets.xcassets in Resources */ = {isa = PBXBuildFile; fileRef = 0AC1DAEB2BF330A600EADEBD /* Preview Assets.xcassets */; };
		0ACAD4572C7C664C0059BF6E /* GoogleService-Info.plist in Resources */ = {isa = PBXBuildFile; fileRef = 0ACAD4562C7C664C0059BF6E /* GoogleService-Info.plist */; };
		0ACAD45A2C7C66D70059BF6E /* FirebaseAuth in Frameworks */ = {isa = PBXBuildFile; productRef = 0ACAD4592C7C66D70059BF6E /* FirebaseAuth */; };
		0ACAD45C2C7C66D70059BF6E /* FirebaseFirestore in Frameworks */ = {isa = PBXBuildFile; productRef = 0ACAD45B2C7C66D70059BF6E /* FirebaseFirestore */; };
		0ACAD45E2C7C66D70059BF6E /* FirebaseStorage in Frameworks */ = {isa = PBXBuildFile; productRef = 0ACAD45D2C7C66D70059BF6E /* FirebaseStorage */; };
		0ACAD4622C7C73700059BF6E /* ContentViewModel.swift in Sources */ = {isa = PBXBuildFile; fileRef = 0ACAD4612C7C73700059BF6E /* ContentViewModel.swift */; };
		0ACAD4642C7C8DBB0059BF6E /* UserService.swift in Sources */ = {isa = PBXBuildFile; fileRef = 0ACAD4632C7C8DBB0059BF6E /* UserService.swift */; };
		0ACAD4682C7C8FD50059BF6E /* InboxViewModel.swift in Sources */ = {isa = PBXBuildFile; fileRef = 0ACAD4672C7C8FD50059BF6E /* InboxViewModel.swift */; };
		0AFBE3D12BF34889003C3E15 /* LoginView.swift in Sources */ = {isa = PBXBuildFile; fileRef = 0AFBE3D02BF34889003C3E15 /* LoginView.swift */; };
		0AFBE3D32BF359E1003C3E15 /* RegistrationView.swift in Sources */ = {isa = PBXBuildFile; fileRef = 0AFBE3D22BF359E1003C3E15 /* RegistrationView.swift */; };
		0AFBE3D62BF35D70003C3E15 /* InboxView.swift in Sources */ = {isa = PBXBuildFile; fileRef = 0AFBE3D52BF35D70003C3E15 /* InboxView.swift */; };
		0AFBE3D92BF3618D003C3E15 /* ActiveNowView.swift in Sources */ = {isa = PBXBuildFile; fileRef = 0AFBE3D82BF3618D003C3E15 /* ActiveNowView.swift */; };
		0AFBE3DB2BF36454003C3E15 /* InboxRowView.swift in Sources */ = {isa = PBXBuildFile; fileRef = 0AFBE3DA2BF36454003C3E15 /* InboxRowView.swift */; };
		0AFBE3DE2BF36C2E003C3E15 /* NewMessageView.swift in Sources */ = {isa = PBXBuildFile; fileRef = 0AFBE3DD2BF36C2E003C3E15 /* NewMessageView.swift */; };
		D35C58D9B67A3B8582136A27 /* Pods_MessagesClone.framework in Frameworks */ = {isa = PBXBuildFile; fileRef = 55ACFB6B0D96666F88F22422 /* Pods_MessagesClone.framework */; };
/* End PBXBuildFile section */

/* Begin PBXFileReference section */
		0A0B3A852C6DE0C3005FC2DD /* ProfileView.swift */ = {isa = PBXFileReference; lastKnownFileType = sourcecode.swift; path = ProfileView.swift; sourceTree = "<group>"; };
		0A0B3A872C6DE900005FC2DD /* SettingsOptionsViewModel.swift */ = {isa = PBXFileReference; lastKnownFileType = sourcecode.swift; path = SettingsOptionsViewModel.swift; sourceTree = "<group>"; };
		0A3D5E7C2C7E2142008DA3B9 /* NewMessageViewModel.swift */ = {isa = PBXFileReference; lastKnownFileType = sourcecode.swift; path = NewMessageViewModel.swift; sourceTree = "<group>"; };
		0A3D5E7E2C7F8A35008DA3B9 /* Message.swift */ = {isa = PBXFileReference; lastKnownFileType = sourcecode.swift; path = Message.swift; sourceTree = "<group>"; };
		0A3D5E802C7F8CA7008DA3B9 /* MessageService.swift */ = {isa = PBXFileReference; lastKnownFileType = sourcecode.swift; path = MessageService.swift; sourceTree = "<group>"; };
		0A3D5E842C803B5F008DA3B9 /* ChatViewModel.swift */ = {isa = PBXFileReference; lastKnownFileType = sourcecode.swift; path = ChatViewModel.swift; sourceTree = "<group>"; };
		0A3D5E872C807985008DA3B9 /* ChatService.swift */ = {isa = PBXFileReference; lastKnownFileType = sourcecode.swift; path = ChatService.swift; sourceTree = "<group>"; };
		0A3D5E8A2C807B15008DA3B9 /* Constants.swift */ = {isa = PBXFileReference; lastKnownFileType = sourcecode.swift; path = Constants.swift; sourceTree = "<group>"; };
		0A3D5E8D2C80E832008DA3B9 /* InboxService.swift */ = {isa = PBXFileReference; lastKnownFileType = sourcecode.swift; path = InboxService.swift; sourceTree = "<group>"; };
		0A3D5E8F2C8220CE008DA3B9 /* Date.swift */ = {isa = PBXFileReference; lastKnownFileType = sourcecode.swift; path = Date.swift; sourceTree = "<group>"; };
		0A3D5E932C822797008DA3B9 /* ActiveNowViewModel.swift */ = {isa = PBXFileReference; lastKnownFileType = sourcecode.swift; path = ActiveNowViewModel.swift; sourceTree = "<group>"; };
		0A3D5E962C822E11008DA3B9 /* Route.swift */ = {isa = PBXFileReference; lastKnownFileType = sourcecode.swift; path = Route.swift; sourceTree = "<group>"; };
		0A6E96002C71BA2F00F203D1 /* ProfileViewModel.swift */ = {isa = PBXFileReference; lastKnownFileType = sourcecode.swift; path = ProfileViewModel.swift; sourceTree = "<group>"; };
		0A6E96022C724E6400F203D1 /* User.swift */ = {isa = PBXFileReference; lastKnownFileType = sourcecode.swift; path = User.swift; sourceTree = "<group>"; };
		0A6E96052C77255A00F203D1 /* CircularProfileImageView.swift */ = {isa = PBXFileReference; lastKnownFileType = sourcecode.swift; path = CircularProfileImageView.swift; sourceTree = "<group>"; };
		0A6E96102C79A59300F203D1 /* ChatView.swift */ = {isa = PBXFileReference; fileEncoding = 4; lastKnownFileType = sourcecode.swift; path = ChatView.swift; sourceTree = "<group>"; };
		0A6E96122C79B35F00F203D1 /* ChatViewCell.swift */ = {isa = PBXFileReference; lastKnownFileType = sourcecode.swift; path = ChatViewCell.swift; sourceTree = "<group>"; };
		0A6E96142C79F9BE00F203D1 /* ChatBubble.swift */ = {isa = PBXFileReference; lastKnownFileType = sourcecode.swift; path = ChatBubble.swift; sourceTree = "<group>"; };
		0A6E962A2C7A07EC00F203D1 /* LoginViewModel.swift */ = {isa = PBXFileReference; lastKnownFileType = sourcecode.swift; path = LoginViewModel.swift; sourceTree = "<group>"; };
		0A6E962C2C7A084400F203D1 /* RegistrationViewModel.swift */ = {isa = PBXFileReference; lastKnownFileType = sourcecode.swift; path = RegistrationViewModel.swift; sourceTree = "<group>"; };
		0A6E962E2C7A087800F203D1 /* AuthService.swift */ = {isa = PBXFileReference; lastKnownFileType = sourcecode.swift; path = AuthService.swift; sourceTree = "<group>"; };
		0AC1DAE12BF330A400EADEBD /* MessagesClone.app */ = {isa = PBXFileReference; explicitFileType = wrapper.application; includeInIndex = 0; path = MessagesClone.app; sourceTree = BUILT_PRODUCTS_DIR; };
		0AC1DAE42BF330A400EADEBD /* MessagesCloneApp.swift */ = {isa = PBXFileReference; lastKnownFileType = sourcecode.swift; path = MessagesCloneApp.swift; sourceTree = "<group>"; };
		0AC1DAE62BF330A400EADEBD /* ContentView.swift */ = {isa = PBXFileReference; lastKnownFileType = sourcecode.swift; path = ContentView.swift; sourceTree = "<group>"; };
		0AC1DAE82BF330A600EADEBD /* Assets.xcassets */ = {isa = PBXFileReference; lastKnownFileType = folder.assetcatalog; path = Assets.xcassets; sourceTree = "<group>"; };
		0AC1DAEB2BF330A600EADEBD /* Preview Assets.xcassets */ = {isa = PBXFileReference; lastKnownFileType = folder.assetcatalog; path = "Preview Assets.xcassets"; sourceTree = "<group>"; };
		0ACAD4562C7C664C0059BF6E /* GoogleService-Info.plist */ = {isa = PBXFileReference; fileEncoding = 4; lastKnownFileType = text.plist.xml; path = "GoogleService-Info.plist"; sourceTree = "<group>"; };
		0ACAD4612C7C73700059BF6E /* ContentViewModel.swift */ = {isa = PBXFileReference; lastKnownFileType = sourcecode.swift; path = ContentViewModel.swift; sourceTree = "<group>"; };
		0ACAD4632C7C8DBB0059BF6E /* UserService.swift */ = {isa = PBXFileReference; lastKnownFileType = sourcecode.swift; path = UserService.swift; sourceTree = "<group>"; };
		0ACAD4672C7C8FD50059BF6E /* InboxViewModel.swift */ = {isa = PBXFileReference; lastKnownFileType = sourcecode.swift; path = InboxViewModel.swift; sourceTree = "<group>"; };
		0AFBE3D02BF34889003C3E15 /* LoginView.swift */ = {isa = PBXFileReference; lastKnownFileType = sourcecode.swift; path = LoginView.swift; sourceTree = "<group>"; };
		0AFBE3D22BF359E1003C3E15 /* RegistrationView.swift */ = {isa = PBXFileReference; lastKnownFileType = sourcecode.swift; path = RegistrationView.swift; sourceTree = "<group>"; };
		0AFBE3D52BF35D70003C3E15 /* InboxView.swift */ = {isa = PBXFileReference; lastKnownFileType = sourcecode.swift; path = InboxView.swift; sourceTree = "<group>"; };
		0AFBE3D82BF3618D003C3E15 /* ActiveNowView.swift */ = {isa = PBXFileReference; lastKnownFileType = sourcecode.swift; path = ActiveNowView.swift; sourceTree = "<group>"; };
		0AFBE3DA2BF36454003C3E15 /* InboxRowView.swift */ = {isa = PBXFileReference; lastKnownFileType = sourcecode.swift; path = InboxRowView.swift; sourceTree = "<group>"; };
		0AFBE3DD2BF36C2E003C3E15 /* NewMessageView.swift */ = {isa = PBXFileReference; lastKnownFileType = sourcecode.swift; path = NewMessageView.swift; sourceTree = "<group>"; };
		55ACFB6B0D96666F88F22422 /* Pods_MessagesClone.framework */ = {isa = PBXFileReference; explicitFileType = wrapper.framework; includeInIndex = 0; path = Pods_MessagesClone.framework; sourceTree = BUILT_PRODUCTS_DIR; };
		9B1273E11723059EB5A6E368 /* Pods-MessagesClone.debug.xcconfig */ = {isa = PBXFileReference; includeInIndex = 1; lastKnownFileType = text.xcconfig; name = "Pods-MessagesClone.debug.xcconfig"; path = "Target Support Files/Pods-MessagesClone/Pods-MessagesClone.debug.xcconfig"; sourceTree = "<group>"; };
		C6EDA1009F35EC46939660A7 /* Pods-MessagesClone.release.xcconfig */ = {isa = PBXFileReference; includeInIndex = 1; lastKnownFileType = text.xcconfig; name = "Pods-MessagesClone.release.xcconfig"; path = "Target Support Files/Pods-MessagesClone/Pods-MessagesClone.release.xcconfig"; sourceTree = "<group>"; };
/* End PBXFileReference section */

/* Begin PBXFrameworksBuildPhase section */
		0AC1DADE2BF330A400EADEBD /* Frameworks */ = {
			isa = PBXFrameworksBuildPhase;
			buildActionMask = 2147483647;
			files = (
				D35C58D9B67A3B8582136A27 /* Pods_MessagesClone.framework in Frameworks */,
				0ACAD45E2C7C66D70059BF6E /* FirebaseStorage in Frameworks */,
				0ACAD45A2C7C66D70059BF6E /* FirebaseAuth in Frameworks */,
				0ACAD45C2C7C66D70059BF6E /* FirebaseFirestore in Frameworks */,
			);
			runOnlyForDeploymentPostprocessing = 0;
		};
/* End PBXFrameworksBuildPhase section */

/* Begin PBXGroup section */
		0A0B3A822C6DE07C005FC2DD /* Profile */ = {
			isa = PBXGroup;
			children = (
				0A0B3A832C6DE095005FC2DD /* View */,
				0A0B3A842C6DE09E005FC2DD /* ViewModel */,
			);
			path = Profile;
			sourceTree = "<group>";
		};
		0A0B3A832C6DE095005FC2DD /* View */ = {
			isa = PBXGroup;
			children = (
				0A0B3A852C6DE0C3005FC2DD /* ProfileView.swift */,
			);
			path = View;
			sourceTree = "<group>";
		};
		0A0B3A842C6DE09E005FC2DD /* ViewModel */ = {
			isa = PBXGroup;
			children = (
				0A0B3A872C6DE900005FC2DD /* SettingsOptionsViewModel.swift */,
				0A6E96002C71BA2F00F203D1 /* ProfileViewModel.swift */,
			);
			path = ViewModel;
			sourceTree = "<group>";
		};
		0A3D5E7A2C7E212C008DA3B9 /* Views */ = {
			isa = PBXGroup;
			children = (
				0AFBE3DD2BF36C2E003C3E15 /* NewMessageView.swift */,
			);
			path = Views;
			sourceTree = "<group>";
		};
		0A3D5E7B2C7E2131008DA3B9 /* ViewModels */ = {
			isa = PBXGroup;
			children = (
				0A3D5E7C2C7E2142008DA3B9 /* NewMessageViewModel.swift */,
			);
			path = ViewModels;
			sourceTree = "<group>";
		};
		0A3D5E822C803B43008DA3B9 /* ViewModel */ = {
			isa = PBXGroup;
			children = (
				0A3D5E842C803B5F008DA3B9 /* ChatViewModel.swift */,
			);
			path = ViewModel;
			sourceTree = "<group>";
		};
		0A3D5E832C803B46008DA3B9 /* View */ = {
			isa = PBXGroup;
			children = (
				0A6E96102C79A59300F203D1 /* ChatView.swift */,
				0A6E96142C79F9BE00F203D1 /* ChatBubble.swift */,
				0A6E96122C79B35F00F203D1 /* ChatViewCell.swift */,
			);
			path = View;
			sourceTree = "<group>";
		};
		0A3D5E862C80797C008DA3B9 /* Service */ = {
			isa = PBXGroup;
			children = (
				0A3D5E872C807985008DA3B9 /* ChatService.swift */,
			);
			path = Service;
			sourceTree = "<group>";
		};
		0A3D5E892C807AFF008DA3B9 /* Utils */ = {
			isa = PBXGroup;
			children = (
				0A3D5E8A2C807B15008DA3B9 /* Constants.swift */,
			);
			path = Utils;
			sourceTree = "<group>";
		};
		0A3D5E8C2C80E828008DA3B9 /* Service */ = {
			isa = PBXGroup;
			children = (
				0A3D5E8D2C80E832008DA3B9 /* InboxService.swift */,
			);
			path = Service;
			sourceTree = "<group>";
		};
		0A3D5E912C82277B008DA3B9 /* View */ = {
			isa = PBXGroup;
			children = (
				0AFBE3D82BF3618D003C3E15 /* ActiveNowView.swift */,
			);
			path = View;
			sourceTree = "<group>";
		};
		0A3D5E922C822781008DA3B9 /* ViewModel */ = {
			isa = PBXGroup;
			children = (
				0A3D5E932C822797008DA3B9 /* ActiveNowViewModel.swift */,
			);
			path = ViewModel;
			sourceTree = "<group>";
		};
		0A3D5E952C822E02008DA3B9 /* Routing */ = {
			isa = PBXGroup;
			children = (
				0A3D5E962C822E11008DA3B9 /* Route.swift */,
			);
			path = Routing;
			sourceTree = "<group>";
		};
		0A6E96042C77252B00F203D1 /* Components */ = {
			isa = PBXGroup;
			children = (
				0A6E96052C77255A00F203D1 /* CircularProfileImageView.swift */,
			);
			path = Components;
			sourceTree = "<group>";
		};
		0A6E96092C77338800F203D1 /* Chat */ = {
			isa = PBXGroup;
			children = (
				0A3D5E862C80797C008DA3B9 /* Service */,
				0A3D5E832C803B46008DA3B9 /* View */,
				0A3D5E822C803B43008DA3B9 /* ViewModel */,
			);
			path = Chat;
			sourceTree = "<group>";
		};
		0A6E96282C7A07BF00F203D1 /* ViewModel */ = {
			isa = PBXGroup;
			children = (
				0A6E962A2C7A07EC00F203D1 /* LoginViewModel.swift */,
				0A6E962C2C7A084400F203D1 /* RegistrationViewModel.swift */,
			);
			path = ViewModel;
			sourceTree = "<group>";
		};
		0A6E96292C7A07C300F203D1 /* Service */ = {
			isa = PBXGroup;
			children = (
				0A6E962E2C7A087800F203D1 /* AuthService.swift */,
			);
			path = Service;
			sourceTree = "<group>";
		};
		0AC1DAD82BF330A400EADEBD = {
			isa = PBXGroup;
			children = (
				0AC1DAE32BF330A400EADEBD /* MessagesClone */,
				0AC1DAE22BF330A400EADEBD /* Products */,
				0CE2A383DE564084718A329C /* Pods */,
				C4E323893BE4D604CEFEE9C6 /* Frameworks */,
			);
			sourceTree = "<group>";
		};
		0AC1DAE22BF330A400EADEBD /* Products */ = {
			isa = PBXGroup;
			children = (
				0AC1DAE12BF330A400EADEBD /* MessagesClone.app */,
			);
			name = Products;
			sourceTree = "<group>";
		};
		0AC1DAE32BF330A400EADEBD /* MessagesClone */ = {
			isa = PBXGroup;
			children = (
				0AFBE3CC2BF34807003C3E15 /* App */,
				0AFBE3CB2BF34805003C3E15 /* Core */,
				0AFBE3C72BF347FD003C3E15 /* Extensions */,
				0AFBE3CA2BF34804003C3E15 /* Model */,
				0A3D5E952C822E02008DA3B9 /* Routing */,
				0AFBE3C92BF34802003C3E15 /* Service */,
				0A3D5E892C807AFF008DA3B9 /* Utils */,
				0AC1DAE82BF330A600EADEBD /* Assets.xcassets */,
				0ACAD4562C7C664C0059BF6E /* GoogleService-Info.plist */,
				0AC1DAEA2BF330A600EADEBD /* Preview Content */,
			);
			path = MessagesClone;
			sourceTree = "<group>";
		};
		0AC1DAEA2BF330A600EADEBD /* Preview Content */ = {
			isa = PBXGroup;
			children = (
				0AC1DAEB2BF330A600EADEBD /* Preview Assets.xcassets */,
			);
			path = "Preview Content";
			sourceTree = "<group>";
		};
		0ACAD45F2C7C73520059BF6E /* View */ = {
			isa = PBXGroup;
			children = (
				0AC1DAE62BF330A400EADEBD /* ContentView.swift */,
			);
			path = View;
			sourceTree = "<group>";
		};
		0ACAD4602C7C73570059BF6E /* ViewModel */ = {
			isa = PBXGroup;
			children = (
				0ACAD4612C7C73700059BF6E /* ContentViewModel.swift */,
			);
			path = ViewModel;
			sourceTree = "<group>";
		};
		0ACAD4652C7C8FB10059BF6E /* ViewModel */ = {
			isa = PBXGroup;
			children = (
				0ACAD4672C7C8FD50059BF6E /* InboxViewModel.swift */,
			);
			path = ViewModel;
			sourceTree = "<group>";
		};
		0ACAD4662C7C8FB50059BF6E /* View */ = {
			isa = PBXGroup;
			children = (
				0AFBE3D52BF35D70003C3E15 /* InboxView.swift */,
				0AFBE3DA2BF36454003C3E15 /* InboxRowView.swift */,
			);
			path = View;
			sourceTree = "<group>";
		};
		0AFBE3C72BF347FD003C3E15 /* Extensions */ = {
			isa = PBXGroup;
			children = (
				0A3D5E8F2C8220CE008DA3B9 /* Date.swift */,
			);
			path = Extensions;
			sourceTree = "<group>";
		};
		0AFBE3C92BF34802003C3E15 /* Service */ = {
			isa = PBXGroup;
			children = (
				0ACAD4632C7C8DBB0059BF6E /* UserService.swift */,
				0A3D5E802C7F8CA7008DA3B9 /* MessageService.swift */,
			);
			path = Service;
			sourceTree = "<group>";
		};
		0AFBE3CA2BF34804003C3E15 /* Model */ = {
			isa = PBXGroup;
			children = (
				0A6E96022C724E6400F203D1 /* User.swift */,
				0A3D5E7E2C7F8A35008DA3B9 /* Message.swift */,
			);
			path = Model;
			sourceTree = "<group>";
		};
		0AFBE3CB2BF34805003C3E15 /* Core */ = {
			isa = PBXGroup;
			children = (
				0A6E96042C77252B00F203D1 /* Components */,
				0AFBE3D72BF3617B003C3E15 /* ActiveNow */,
				0AFBE3CD2BF34858003C3E15 /* Authentication */,
				0A6E96092C77338800F203D1 /* Chat */,
				0AFBE3D42BF35D54003C3E15 /* Inbox */,
				0AFBE3DC2BF36C0F003C3E15 /* NewMessage */,
				0A0B3A822C6DE07C005FC2DD /* Profile */,
				0AFBE3CE2BF3486C003C3E15 /* Root */,
			);
			path = Core;
			sourceTree = "<group>";
		};
		0AFBE3CC2BF34807003C3E15 /* App */ = {
			isa = PBXGroup;
			children = (
				0AC1DAE42BF330A400EADEBD /* MessagesCloneApp.swift */,
			);
			path = App;
			sourceTree = "<group>";
		};
		0AFBE3CD2BF34858003C3E15 /* Authentication */ = {
			isa = PBXGroup;
			children = (
				0A6E96292C7A07C300F203D1 /* Service */,
				0A6E96282C7A07BF00F203D1 /* ViewModel */,
				0AFBE3CF2BF3487B003C3E15 /* View */,
			);
			path = Authentication;
			sourceTree = "<group>";
		};
		0AFBE3CE2BF3486C003C3E15 /* Root */ = {
			isa = PBXGroup;
			children = (
				0ACAD4602C7C73570059BF6E /* ViewModel */,
				0ACAD45F2C7C73520059BF6E /* View */,
			);
			path = Root;
			sourceTree = "<group>";
		};
		0AFBE3CF2BF3487B003C3E15 /* View */ = {
			isa = PBXGroup;
			children = (
				0AFBE3D02BF34889003C3E15 /* LoginView.swift */,
				0AFBE3D22BF359E1003C3E15 /* RegistrationView.swift */,
			);
			path = View;
			sourceTree = "<group>";
		};
		0AFBE3D42BF35D54003C3E15 /* Inbox */ = {
			isa = PBXGroup;
			children = (
				0A3D5E8C2C80E828008DA3B9 /* Service */,
				0ACAD4662C7C8FB50059BF6E /* View */,
				0ACAD4652C7C8FB10059BF6E /* ViewModel */,
			);
			path = Inbox;
			sourceTree = "<group>";
		};
		0AFBE3D72BF3617B003C3E15 /* ActiveNow */ = {
			isa = PBXGroup;
			children = (
				0A3D5E912C82277B008DA3B9 /* View */,
				0A3D5E922C822781008DA3B9 /* ViewModel */,
			);
			path = ActiveNow;
			sourceTree = "<group>";
		};
		0AFBE3DC2BF36C0F003C3E15 /* NewMessage */ = {
			isa = PBXGroup;
			children = (
				0A3D5E7A2C7E212C008DA3B9 /* Views */,
				0A3D5E7B2C7E2131008DA3B9 /* ViewModels */,
			);
			path = NewMessage;
			sourceTree = "<group>";
		};
		0CE2A383DE564084718A329C /* Pods */ = {
			isa = PBXGroup;
			children = (
				9B1273E11723059EB5A6E368 /* Pods-MessagesClone.debug.xcconfig */,
				C6EDA1009F35EC46939660A7 /* Pods-MessagesClone.release.xcconfig */,
			);
			path = Pods;
			sourceTree = "<group>";
		};
		C4E323893BE4D604CEFEE9C6 /* Frameworks */ = {
			isa = PBXGroup;
			children = (
				55ACFB6B0D96666F88F22422 /* Pods_MessagesClone.framework */,
			);
			name = Frameworks;
			sourceTree = "<group>";
		};
/* End PBXGroup section */

/* Begin PBXNativeTarget section */
		0AC1DAE02BF330A400EADEBD /* MessagesClone */ = {
			isa = PBXNativeTarget;
			buildConfigurationList = 0AC1DAEF2BF330A600EADEBD /* Build configuration list for PBXNativeTarget "MessagesClone" */;
			buildPhases = (
				0AAA42CEEAAD5A75DD7EB524 /* [CP] Check Pods Manifest.lock */,
				0AC1DADD2BF330A400EADEBD /* Sources */,
				0AC1DADE2BF330A400EADEBD /* Frameworks */,
				0AC1DADF2BF330A400EADEBD /* Resources */,
				BEAB7BCFD580B77A060BDDE2 /* [CP] Embed Pods Frameworks */,
			);
			buildRules = (
			);
			dependencies = (
			);
			name = MessagesClone;
			packageProductDependencies = (
				0ACAD4592C7C66D70059BF6E /* FirebaseAuth */,
				0ACAD45B2C7C66D70059BF6E /* FirebaseFirestore */,
				0ACAD45D2C7C66D70059BF6E /* FirebaseStorage */,
			);
			productName = MessagesClone;
			productReference = 0AC1DAE12BF330A400EADEBD /* MessagesClone.app */;
			productType = "com.apple.product-type.application";
		};
/* End PBXNativeTarget section */

/* Begin PBXProject section */
		0AC1DAD92BF330A400EADEBD /* Project object */ = {
			isa = PBXProject;
			attributes = {
				BuildIndependentTargetsInParallel = 1;
				LastSwiftUpdateCheck = 1520;
				LastUpgradeCheck = 1520;
				TargetAttributes = {
					0AC1DAE02BF330A400EADEBD = {
						CreatedOnToolsVersion = 15.2;
					};
				};
			};
			buildConfigurationList = 0AC1DADC2BF330A400EADEBD /* Build configuration list for PBXProject "MessagesClone" */;
			compatibilityVersion = "Xcode 14.0";
			developmentRegion = en;
			hasScannedForEncodings = 0;
			knownRegions = (
				en,
				Base,
			);
			mainGroup = 0AC1DAD82BF330A400EADEBD;
			packageReferences = (
				0ACAD4582C7C66D70059BF6E /* XCRemoteSwiftPackageReference "firebase-ios-sdk" */,
			);
			productRefGroup = 0AC1DAE22BF330A400EADEBD /* Products */;
			projectDirPath = "";
			projectRoot = "";
			targets = (
				0AC1DAE02BF330A400EADEBD /* MessagesClone */,
			);
		};
/* End PBXProject section */

/* Begin PBXResourcesBuildPhase section */
		0AC1DADF2BF330A400EADEBD /* Resources */ = {
			isa = PBXResourcesBuildPhase;
			buildActionMask = 2147483647;
			files = (
				0AC1DAEC2BF330A600EADEBD /* Preview Assets.xcassets in Resources */,
				0AC1DAE92BF330A600EADEBD /* Assets.xcassets in Resources */,
				0ACAD4572C7C664C0059BF6E /* GoogleService-Info.plist in Resources */,
			);
			runOnlyForDeploymentPostprocessing = 0;
		};
/* End PBXResourcesBuildPhase section */

/* Begin PBXShellScriptBuildPhase section */
		0AAA42CEEAAD5A75DD7EB524 /* [CP] Check Pods Manifest.lock */ = {
			isa = PBXShellScriptBuildPhase;
			buildActionMask = 2147483647;
			files = (
			);
			inputFileListPaths = (
			);
			inputPaths = (
				"${PODS_PODFILE_DIR_PATH}/Podfile.lock",
				"${PODS_ROOT}/Manifest.lock",
			);
			name = "[CP] Check Pods Manifest.lock";
			outputFileListPaths = (
			);
			outputPaths = (
				"$(DERIVED_FILE_DIR)/Pods-MessagesClone-checkManifestLockResult.txt",
			);
			runOnlyForDeploymentPostprocessing = 0;
			shellPath = /bin/sh;
			shellScript = "diff \"${PODS_PODFILE_DIR_PATH}/Podfile.lock\" \"${PODS_ROOT}/Manifest.lock\" > /dev/null\nif [ $? != 0 ] ; then\n    # print error to STDERR\n    echo \"error: The sandbox is not in sync with the Podfile.lock. Run 'pod install' or update your CocoaPods installation.\" >&2\n    exit 1\nfi\n# This output is used by Xcode 'outputs' to avoid re-running this script phase.\necho \"SUCCESS\" > \"${SCRIPT_OUTPUT_FILE_0}\"\n";
			showEnvVarsInLog = 0;
		};
		BEAB7BCFD580B77A060BDDE2 /* [CP] Embed Pods Frameworks */ = {
			isa = PBXShellScriptBuildPhase;
			buildActionMask = 2147483647;
			files = (
			);
			inputFileListPaths = (
				"${PODS_ROOT}/Target Support Files/Pods-MessagesClone/Pods-MessagesClone-frameworks-${CONFIGURATION}-input-files.xcfilelist",
			);
			name = "[CP] Embed Pods Frameworks";
			outputFileListPaths = (
				"${PODS_ROOT}/Target Support Files/Pods-MessagesClone/Pods-MessagesClone-frameworks-${CONFIGURATION}-output-files.xcfilelist",
			);
			runOnlyForDeploymentPostprocessing = 0;
			shellPath = /bin/sh;
			shellScript = "\"${PODS_ROOT}/Target Support Files/Pods-MessagesClone/Pods-MessagesClone-frameworks.sh\"\n";
			showEnvVarsInLog = 0;
		};
/* End PBXShellScriptBuildPhase section */

/* Begin PBXSourcesBuildPhase section */
		0AC1DADD2BF330A400EADEBD /* Sources */ = {
			isa = PBXSourcesBuildPhase;
			buildActionMask = 2147483647;
			files = (
				0A3D5E852C803B5F008DA3B9 /* ChatViewModel.swift in Sources */,
				0A3D5E902C8220CE008DA3B9 /* Date.swift in Sources */,
				0A0B3A882C6DE900005FC2DD /* SettingsOptionsViewModel.swift in Sources */,
				0ACAD4682C7C8FD50059BF6E /* InboxViewModel.swift in Sources */,
				0A6E962D2C7A084400F203D1 /* RegistrationViewModel.swift in Sources */,
				0AFBE3DB2BF36454003C3E15 /* InboxRowView.swift in Sources */,
				0A0B3A862C6DE0C3005FC2DD /* ProfileView.swift in Sources */,
				0ACAD4622C7C73700059BF6E /* ContentViewModel.swift in Sources */,
				0A3D5E8B2C807B15008DA3B9 /* Constants.swift in Sources */,
				0AFBE3DE2BF36C2E003C3E15 /* NewMessageView.swift in Sources */,
				0AFBE3D12BF34889003C3E15 /* LoginView.swift in Sources */,
				0A6E962F2C7A087800F203D1 /* AuthService.swift in Sources */,
				0A3D5E8E2C80E832008DA3B9 /* InboxService.swift in Sources */,
				0A6E96062C77255A00F203D1 /* CircularProfileImageView.swift in Sources */,
				0A6E96132C79B35F00F203D1 /* ChatViewCell.swift in Sources */,
				0A6E96152C79F9BE00F203D1 /* ChatBubble.swift in Sources */,
				0AC1DAE72BF330A400EADEBD /* ContentView.swift in Sources */,
				0A3D5E882C807985008DA3B9 /* ChatService.swift in Sources */,
				0A6E96112C79A59300F203D1 /* ChatView.swift in Sources */,
				0A6E962B2C7A07EC00F203D1 /* LoginViewModel.swift in Sources */,
				0A3D5E7D2C7E2142008DA3B9 /* NewMessageViewModel.swift in Sources */,
				0A3D5E972C822E11008DA3B9 /* Route.swift in Sources */,
				0ACAD4642C7C8DBB0059BF6E /* UserService.swift in Sources */,
				0AFBE3D62BF35D70003C3E15 /* InboxView.swift in Sources */,
				0A6E96012C71BA2F00F203D1 /* ProfileViewModel.swift in Sources */,
				0A6E96032C724E6400F203D1 /* User.swift in Sources */,
				0A3D5E812C7F8CA7008DA3B9 /* MessageService.swift in Sources */,
				0AFBE3D92BF3618D003C3E15 /* ActiveNowView.swift in Sources */,
				0A3D5E942C822797008DA3B9 /* ActiveNowViewModel.swift in Sources */,
				0A3D5E7F2C7F8A35008DA3B9 /* Message.swift in Sources */,
				0AC1DAE52BF330A400EADEBD /* MessagesCloneApp.swift in Sources */,
				0AFBE3D32BF359E1003C3E15 /* RegistrationView.swift in Sources */,
			);
			runOnlyForDeploymentPostprocessing = 0;
		};
/* End PBXSourcesBuildPhase section */

/* Begin XCBuildConfiguration section */
		0AC1DAED2BF330A600EADEBD /* Debug */ = {
			isa = XCBuildConfiguration;
			buildSettings = {
				ALWAYS_SEARCH_USER_PATHS = NO;
				ASSETCATALOG_COMPILER_GENERATE_SWIFT_ASSET_SYMBOL_EXTENSIONS = YES;
				CLANG_ANALYZER_NONNULL = YES;
				CLANG_ANALYZER_NUMBER_OBJECT_CONVERSION = YES_AGGRESSIVE;
				CLANG_CXX_LANGUAGE_STANDARD = "gnu++20";
				CLANG_ENABLE_MODULES = YES;
				CLANG_ENABLE_OBJC_ARC = YES;
				CLANG_ENABLE_OBJC_WEAK = YES;
				CLANG_WARN_BLOCK_CAPTURE_AUTORELEASING = YES;
				CLANG_WARN_BOOL_CONVERSION = YES;
				CLANG_WARN_COMMA = YES;
				CLANG_WARN_CONSTANT_CONVERSION = YES;
				CLANG_WARN_DEPRECATED_OBJC_IMPLEMENTATIONS = YES;
				CLANG_WARN_DIRECT_OBJC_ISA_USAGE = YES_ERROR;
				CLANG_WARN_DOCUMENTATION_COMMENTS = YES;
				CLANG_WARN_EMPTY_BODY = YES;
				CLANG_WARN_ENUM_CONVERSION = YES;
				CLANG_WARN_INFINITE_RECURSION = YES;
				CLANG_WARN_INT_CONVERSION = YES;
				CLANG_WARN_NON_LITERAL_NULL_CONVERSION = YES;
				CLANG_WARN_OBJC_IMPLICIT_RETAIN_SELF = YES;
				CLANG_WARN_OBJC_LITERAL_CONVERSION = YES;
				CLANG_WARN_OBJC_ROOT_CLASS = YES_ERROR;
				CLANG_WARN_QUOTED_INCLUDE_IN_FRAMEWORK_HEADER = YES;
				CLANG_WARN_RANGE_LOOP_ANALYSIS = YES;
				CLANG_WARN_STRICT_PROTOTYPES = YES;
				CLANG_WARN_SUSPICIOUS_MOVE = YES;
				CLANG_WARN_UNGUARDED_AVAILABILITY = YES_AGGRESSIVE;
				CLANG_WARN_UNREACHABLE_CODE = YES;
				CLANG_WARN__DUPLICATE_METHOD_MATCH = YES;
				COPY_PHASE_STRIP = NO;
				DEBUG_INFORMATION_FORMAT = dwarf;
				ENABLE_STRICT_OBJC_MSGSEND = YES;
				ENABLE_TESTABILITY = YES;
				ENABLE_USER_SCRIPT_SANDBOXING = YES;
				GCC_C_LANGUAGE_STANDARD = gnu17;
				GCC_DYNAMIC_NO_PIC = NO;
				GCC_NO_COMMON_BLOCKS = YES;
				GCC_OPTIMIZATION_LEVEL = 0;
				GCC_PREPROCESSOR_DEFINITIONS = (
					"DEBUG=1",
					"$(inherited)",
				);
				GCC_WARN_64_TO_32_BIT_CONVERSION = YES;
				GCC_WARN_ABOUT_RETURN_TYPE = YES_ERROR;
				GCC_WARN_UNDECLARED_SELECTOR = YES;
				GCC_WARN_UNINITIALIZED_AUTOS = YES_AGGRESSIVE;
				GCC_WARN_UNUSED_FUNCTION = YES;
				GCC_WARN_UNUSED_VARIABLE = YES;
				IPHONEOS_DEPLOYMENT_TARGET = 17.2;
				LOCALIZATION_PREFERS_STRING_CATALOGS = YES;
				MTL_ENABLE_DEBUG_INFO = INCLUDE_SOURCE;
				MTL_FAST_MATH = YES;
				ONLY_ACTIVE_ARCH = YES;
				SDKROOT = iphoneos;
				SWIFT_ACTIVE_COMPILATION_CONDITIONS = "DEBUG $(inherited)";
				SWIFT_OPTIMIZATION_LEVEL = "-Onone";
			};
			name = Debug;
		};
		0AC1DAEE2BF330A600EADEBD /* Release */ = {
			isa = XCBuildConfiguration;
			buildSettings = {
				ALWAYS_SEARCH_USER_PATHS = NO;
				ASSETCATALOG_COMPILER_GENERATE_SWIFT_ASSET_SYMBOL_EXTENSIONS = YES;
				CLANG_ANALYZER_NONNULL = YES;
				CLANG_ANALYZER_NUMBER_OBJECT_CONVERSION = YES_AGGRESSIVE;
				CLANG_CXX_LANGUAGE_STANDARD = "gnu++20";
				CLANG_ENABLE_MODULES = YES;
				CLANG_ENABLE_OBJC_ARC = YES;
				CLANG_ENABLE_OBJC_WEAK = YES;
				CLANG_WARN_BLOCK_CAPTURE_AUTORELEASING = YES;
				CLANG_WARN_BOOL_CONVERSION = YES;
				CLANG_WARN_COMMA = YES;
				CLANG_WARN_CONSTANT_CONVERSION = YES;
				CLANG_WARN_DEPRECATED_OBJC_IMPLEMENTATIONS = YES;
				CLANG_WARN_DIRECT_OBJC_ISA_USAGE = YES_ERROR;
				CLANG_WARN_DOCUMENTATION_COMMENTS = YES;
				CLANG_WARN_EMPTY_BODY = YES;
				CLANG_WARN_ENUM_CONVERSION = YES;
				CLANG_WARN_INFINITE_RECURSION = YES;
				CLANG_WARN_INT_CONVERSION = YES;
				CLANG_WARN_NON_LITERAL_NULL_CONVERSION = YES;
				CLANG_WARN_OBJC_IMPLICIT_RETAIN_SELF = YES;
				CLANG_WARN_OBJC_LITERAL_CONVERSION = YES;
				CLANG_WARN_OBJC_ROOT_CLASS = YES_ERROR;
				CLANG_WARN_QUOTED_INCLUDE_IN_FRAMEWORK_HEADER = YES;
				CLANG_WARN_RANGE_LOOP_ANALYSIS = YES;
				CLANG_WARN_STRICT_PROTOTYPES = YES;
				CLANG_WARN_SUSPICIOUS_MOVE = YES;
				CLANG_WARN_UNGUARDED_AVAILABILITY = YES_AGGRESSIVE;
				CLANG_WARN_UNREACHABLE_CODE = YES;
				CLANG_WARN__DUPLICATE_METHOD_MATCH = YES;
				COPY_PHASE_STRIP = NO;
				DEBUG_INFORMATION_FORMAT = "dwarf-with-dsym";
				ENABLE_NS_ASSERTIONS = NO;
				ENABLE_STRICT_OBJC_MSGSEND = YES;
				ENABLE_USER_SCRIPT_SANDBOXING = YES;
				GCC_C_LANGUAGE_STANDARD = gnu17;
				GCC_NO_COMMON_BLOCKS = YES;
				GCC_WARN_64_TO_32_BIT_CONVERSION = YES;
				GCC_WARN_ABOUT_RETURN_TYPE = YES_ERROR;
				GCC_WARN_UNDECLARED_SELECTOR = YES;
				GCC_WARN_UNINITIALIZED_AUTOS = YES_AGGRESSIVE;
				GCC_WARN_UNUSED_FUNCTION = YES;
				GCC_WARN_UNUSED_VARIABLE = YES;
				IPHONEOS_DEPLOYMENT_TARGET = 17.2;
				LOCALIZATION_PREFERS_STRING_CATALOGS = YES;
				MTL_ENABLE_DEBUG_INFO = NO;
				MTL_FAST_MATH = YES;
				SDKROOT = iphoneos;
				SWIFT_COMPILATION_MODE = wholemodule;
				VALIDATE_PRODUCT = YES;
			};
			name = Release;
		};
		0AC1DAF02BF330A600EADEBD /* Debug */ = {
			isa = XCBuildConfiguration;
			baseConfigurationReference = 9B1273E11723059EB5A6E368 /* Pods-MessagesClone.debug.xcconfig */;
			buildSettings = {
				ASSETCATALOG_COMPILER_APPICON_NAME = AppIcon;
				ASSETCATALOG_COMPILER_GLOBAL_ACCENT_COLOR_NAME = AccentColor;
				CODE_SIGN_STYLE = Automatic;
				CURRENT_PROJECT_VERSION = 1;
				DEVELOPMENT_ASSET_PATHS = "\"MessagesClone/Preview Content\"";
				DEVELOPMENT_TEAM = 83SA7HTXCZ;
				ENABLE_PREVIEWS = YES;
				ENABLE_USER_SCRIPT_SANDBOXING = NO;
				GENERATE_INFOPLIST_FILE = YES;
				INFOPLIST_KEY_UIApplicationSceneManifest_Generation = YES;
				INFOPLIST_KEY_UIApplicationSupportsIndirectInputEvents = YES;
				INFOPLIST_KEY_UILaunchScreen_Generation = YES;
				INFOPLIST_KEY_UISupportedInterfaceOrientations_iPad = "UIInterfaceOrientationPortrait UIInterfaceOrientationPortraitUpsideDown UIInterfaceOrientationLandscapeLeft UIInterfaceOrientationLandscapeRight";
				INFOPLIST_KEY_UISupportedInterfaceOrientations_iPhone = "UIInterfaceOrientationPortrait UIInterfaceOrientationLandscapeLeft UIInterfaceOrientationLandscapeRight";
				IPHONEOS_DEPLOYMENT_TARGET = 16.0;
				LD_RUNPATH_SEARCH_PATHS = (
					"$(inherited)",
					"@executable_path/Frameworks",
				);
				MARKETING_VERSION = 1.0;
				PRODUCT_BUNDLE_IDENTIFIER = BMS.MessagesClone;
				PRODUCT_NAME = "$(TARGET_NAME)";
				SWIFT_EMIT_LOC_STRINGS = YES;
				SWIFT_VERSION = 5.0;
				TARGETED_DEVICE_FAMILY = "1,2";
			};
			name = Debug;
		};
		0AC1DAF12BF330A600EADEBD /* Release */ = {
			isa = XCBuildConfiguration;
			baseConfigurationReference = C6EDA1009F35EC46939660A7 /* Pods-MessagesClone.release.xcconfig */;
			buildSettings = {
				ASSETCATALOG_COMPILER_APPICON_NAME = AppIcon;
				ASSETCATALOG_COMPILER_GLOBAL_ACCENT_COLOR_NAME = AccentColor;
				CODE_SIGN_STYLE = Automatic;
				CURRENT_PROJECT_VERSION = 1;
				DEVELOPMENT_ASSET_PATHS = "\"MessagesClone/Preview Content\"";
				DEVELOPMENT_TEAM = 83SA7HTXCZ;
				ENABLE_PREVIEWS = YES;
				ENABLE_USER_SCRIPT_SANDBOXING = NO;
				GENERATE_INFOPLIST_FILE = YES;
				INFOPLIST_KEY_UIApplicationSceneManifest_Generation = YES;
				INFOPLIST_KEY_UIApplicationSupportsIndirectInputEvents = YES;
				INFOPLIST_KEY_UILaunchScreen_Generation = YES;
				INFOPLIST_KEY_UISupportedInterfaceOrientations_iPad = "UIInterfaceOrientationPortrait UIInterfaceOrientationPortraitUpsideDown UIInterfaceOrientationLandscapeLeft UIInterfaceOrientationLandscapeRight";
				INFOPLIST_KEY_UISupportedInterfaceOrientations_iPhone = "UIInterfaceOrientationPortrait UIInterfaceOrientationLandscapeLeft UIInterfaceOrientationLandscapeRight";
				IPHONEOS_DEPLOYMENT_TARGET = 16.0;
				LD_RUNPATH_SEARCH_PATHS = (
					"$(inherited)",
					"@executable_path/Frameworks",
				);
				MARKETING_VERSION = 1.0;
				PRODUCT_BUNDLE_IDENTIFIER = BMS.MessagesClone;
				PRODUCT_NAME = "$(TARGET_NAME)";
				SWIFT_EMIT_LOC_STRINGS = YES;
				SWIFT_VERSION = 5.0;
				TARGETED_DEVICE_FAMILY = "1,2";
			};
			name = Release;
		};
/* End XCBuildConfiguration section */

/* Begin XCConfigurationList section */
		0AC1DADC2BF330A400EADEBD /* Build configuration list for PBXProject "MessagesClone" */ = {
			isa = XCConfigurationList;
			buildConfigurations = (
				0AC1DAED2BF330A600EADEBD /* Debug */,
				0AC1DAEE2BF330A600EADEBD /* Release */,
			);
			defaultConfigurationIsVisible = 0;
			defaultConfigurationName = Release;
		};
		0AC1DAEF2BF330A600EADEBD /* Build configuration list for PBXNativeTarget "MessagesClone" */ = {
			isa = XCConfigurationList;
			buildConfigurations = (
				0AC1DAF02BF330A600EADEBD /* Debug */,
				0AC1DAF12BF330A600EADEBD /* Release */,
			);
			defaultConfigurationIsVisible = 0;
			defaultConfigurationName = Release;
		};
/* End XCConfigurationList section */

/* Begin XCRemoteSwiftPackageReference section */
		0ACAD4582C7C66D70059BF6E /* XCRemoteSwiftPackageReference "firebase-ios-sdk" */ = {
			isa = XCRemoteSwiftPackageReference;
			repositoryURL = "https://github.com/firebase/firebase-ios-sdk.git";
			requirement = {
				kind = upToNextMajorVersion;
				minimumVersion = 11.1.0;
			};
		};
/* End XCRemoteSwiftPackageReference section */

/* Begin XCSwiftPackageProductDependency section */
		0ACAD4592C7C66D70059BF6E /* FirebaseAuth */ = {
			isa = XCSwiftPackageProductDependency;
			package = 0ACAD4582C7C66D70059BF6E /* XCRemoteSwiftPackageReference "firebase-ios-sdk" */;
			productName = FirebaseAuth;
		};
		0ACAD45B2C7C66D70059BF6E /* FirebaseFirestore */ = {
			isa = XCSwiftPackageProductDependency;
			package = 0ACAD4582C7C66D70059BF6E /* XCRemoteSwiftPackageReference "firebase-ios-sdk" */;
			productName = FirebaseFirestore;
		};
		0ACAD45D2C7C66D70059BF6E /* FirebaseStorage */ = {
			isa = XCSwiftPackageProductDependency;
			package = 0ACAD4582C7C66D70059BF6E /* XCRemoteSwiftPackageReference "firebase-ios-sdk" */;
			productName = FirebaseStorage;
		};
/* End XCSwiftPackageProductDependency section */
	};
	rootObject = 0AC1DAD92BF330A400EADEBD /* Project object */;
}
